
Microsoft Visual Studio Solution File, Format Version 12.00
# Visual Studio Version 17
VisualStudioVersion = 17.9.34607.119
MinimumVisualStudioVersion = 10.0.40219.1
Project("{9A19103F-16F7-4668-BE54-9A1E7A4F7556}") = "ConsolePart", "ConsolePart.csproj", "{CB7CDACE-DB33-4D73-8B25-78F025252C3E}"
EndProject
Project("{9A19103F-16F7-4668-BE54-9A1E7A4F7556}") = "BookLibrary", "..\BookLibrary\BookLibrary.csproj", "{0B1AAD41-28FA-42BF-B3D9-AE1FA2644D96}"
EndProject
Project("{FAE04EC0-301F-11D3-BF4B-00C04F79EFBC}") = "DependencyInjection", "..\DependencyInjection\DependencyInjection.csproj", "{1D31A8D4-550B-45DC-A24B-772CD185FCC8}"
EndProject
Project("{FAE04EC0-301F-11D3-BF4B-00C04F79EFBC}") = "Tests", "..\Tests\Tests.csproj", "{A5086E1C-9EB7-4853-951C-F3554F0139FD}"
EndProject
Global
	GlobalSection(SolutionConfigurationPlatforms) = preSolution
		Debug|Any CPU = Debug|Any CPU
		Release|Any CPU = Release|Any CPU
	EndGlobalSection
	GlobalSection(ProjectConfigurationPlatforms) = postSolution
		{CB7CDACE-DB33-4D73-8B25-78F025252C3E}.Debug|Any CPU.ActiveCfg = Debug|Any CPU
		{CB7CDACE-DB33-4D73-8B25-78F025252C3E}.Debug|Any CPU.Build.0 = Debug|Any CPU
		{CB7CDACE-DB33-4D73-8B25-78F025252C3E}.Release|Any CPU.ActiveCfg = Release|Any CPU
		{CB7CDACE-DB33-4D73-8B25-78F025252C3E}.Release|Any CPU.Build.0 = Release|Any CPU
		{0B1AAD41-28FA-42BF-B3D9-AE1FA2644D96}.Debug|Any CPU.ActiveCfg = Debug|Any CPU
		{0B1AAD41-28FA-42BF-B3D9-AE1FA2644D96}.Debug|Any CPU.Build.0 = Debug|Any CPU
		{0B1AAD41-28FA-42BF-B3D9-AE1FA2644D96}.Release|Any CPU.ActiveCfg = Release|Any CPU
		{0B1AAD41-28FA-42BF-B3D9-AE1FA2644D96}.Release|Any CPU.Build.0 = Release|Any CPU
		{1D31A8D4-550B-45DC-A24B-772CD185FCC8}.Debug|Any CPU.ActiveCfg = Debug|Any CPU
		{1D31A8D4-550B-45DC-A24B-772CD185FCC8}.Debug|Any CPU.Build.0 = Debug|Any CPU
		{1D31A8D4-550B-45DC-A24B-772CD185FCC8}.Release|Any CPU.ActiveCfg = Release|Any CPU
		{1D31A8D4-550B-45DC-A24B-772CD185FCC8}.Release|Any CPU.Build.0 = Release|Any CPU
		{A5086E1C-9EB7-4853-951C-F3554F0139FD}.Debug|Any CPU.ActiveCfg = Debug|Any CPU
		{A5086E1C-9EB7-4853-951C-F3554F0139FD}.Debug|Any CPU.Build.0 = Debug|Any CPU
		{A5086E1C-9EB7-4853-951C-F3554F0139FD}.Release|Any CPU.ActiveCfg = Release|Any CPU
		{A5086E1C-9EB7-4853-951C-F3554F0139FD}.Release|Any CPU.Build.0 = Release|Any CPU
	EndGlobalSection
	GlobalSection(SolutionProperties) = preSolution
		HideSolutionNode = FALSE
	EndGlobalSection
	GlobalSection(ExtensibilityGlobals) = postSolution
		SolutionGuid = {93FA2BDE-7302-4F80-A823-B3D153FAE0D4}
	EndGlobalSection
EndGlobal
